// !$*UTF8*$!
{
	archiveVersion = 1;
	classes = {
	};
	objectVersion = 50;
	objects = {

/* Begin PBXBuildFile section */
		2529D17FCD84D6925AC8C5E1 /* Pods_DropBoxer.framework in Frameworks */ = {isa = PBXBuildFile; fileRef = F6607B660BF15BD08E3E3183 /* Pods_DropBoxer.framework */; };
		761572B5212396BE00AC035B /* SwiftyDropbox.framework in Frameworks */ = {isa = PBXBuildFile; fileRef = 761572B4212396BE00AC035B /* SwiftyDropbox.framework */; };
		7637CBAC21249236004AC0C0 /* PhotoLibraryVM.swift in Sources */ = {isa = PBXBuildFile; fileRef = 7637CBAB21249236004AC0C0 /* PhotoLibraryVM.swift */; };
		7637CBAE212497F5004AC0C0 /* PhotosCollectionVC.swift in Sources */ = {isa = PBXBuildFile; fileRef = 7637CBAD212497F5004AC0C0 /* PhotosCollectionVC.swift */; };
		7637CBB221249AAA004AC0C0 /* PhotoCell.swift in Sources */ = {isa = PBXBuildFile; fileRef = 7637CBB121249AAA004AC0C0 /* PhotoCell.swift */; };
		766CBB7021238DD500AE3B03 /* AppDelegate.swift in Sources */ = {isa = PBXBuildFile; fileRef = 766CBB6F21238DD500AE3B03 /* AppDelegate.swift */; };
		766CBB7521238DD500AE3B03 /* Main.storyboard in Resources */ = {isa = PBXBuildFile; fileRef = 766CBB7321238DD500AE3B03 /* Main.storyboard */; };
		766CBB7721238DD600AE3B03 /* Assets.xcassets in Resources */ = {isa = PBXBuildFile; fileRef = 766CBB7621238DD600AE3B03 /* Assets.xcassets */; };
		766CBB7A21238DD600AE3B03 /* LaunchScreen.storyboard in Resources */ = {isa = PBXBuildFile; fileRef = 766CBB7821238DD600AE3B03 /* LaunchScreen.storyboard */; };
		766CBB8521238DD600AE3B03 /* DropBoxerTests.swift in Sources */ = {isa = PBXBuildFile; fileRef = 766CBB8421238DD600AE3B03 /* DropBoxerTests.swift */; };
		76976DAC21251C0F00D2A904 /* UploadVC.swift in Sources */ = {isa = PBXBuildFile; fileRef = 76976DAB21251C0F00D2A904 /* UploadVC.swift */; };
		76ED37912123BC2A00432531 /* DropboxVM.swift in Sources */ = {isa = PBXBuildFile; fileRef = 76ED37902123BC2A00432531 /* DropboxVM.swift */; };
		76ED37932123BCF300432531 /* README.txt in Resources */ = {isa = PBXBuildFile; fileRef = 76ED37922123BCF300432531 /* README.txt */; };
		76ED379A2123BEA900432531 /* SavedPhotosVC.swift in Sources */ = {isa = PBXBuildFile; fileRef = 76ED37992123BEA900432531 /* SavedPhotosVC.swift */; };
		DA1432DAEBA2F1469B905E9E /* Pods_DropBoxerTests.framework in Frameworks */ = {isa = PBXBuildFile; fileRef = 9FC5FFCD27329C75A0E5DDAA /* Pods_DropBoxerTests.framework */; };
/* End PBXBuildFile section */

/* Begin PBXContainerItemProxy section */
		766CBB8121238DD600AE3B03 /* PBXContainerItemProxy */ = {
			isa = PBXContainerItemProxy;
			containerPortal = 766CBB6421238DD500AE3B03 /* Project object */;
			proxyType = 1;
			remoteGlobalIDString = 766CBB6B21238DD500AE3B03;
			remoteInfo = DropBoxer;
		};
/* End PBXContainerItemProxy section */

/* Begin PBXCopyFilesBuildPhase section */
		761572B12123954100AC035B /* Embed Frameworks */ = {
			isa = PBXCopyFilesBuildPhase;
			buildActionMask = 2147483647;
			dstPath = "";
			dstSubfolderSpec = 10;
			files = (
			);
			name = "Embed Frameworks";
			runOnlyForDeploymentPostprocessing = 0;
		};
/* End PBXCopyFilesBuildPhase section */

/* Begin PBXFileReference section */
		737EC14861A0B4F1A495040C /* Pods-DropBoxer.debug.xcconfig */ = {isa = PBXFileReference; includeInIndex = 1; lastKnownFileType = text.xcconfig; name = "Pods-DropBoxer.debug.xcconfig"; path = "Pods/Target Support Files/Pods-DropBoxer/Pods-DropBoxer.debug.xcconfig"; sourceTree = "<group>"; };
		761572B22123955300AC035B /* SwiftyDropbox.framework */ = {isa = PBXFileReference; explicitFileType = wrapper.framework; path = SwiftyDropbox.framework; sourceTree = BUILT_PRODUCTS_DIR; };
		761572B4212396BE00AC035B /* SwiftyDropbox.framework */ = {isa = PBXFileReference; explicitFileType = wrapper.framework; path = SwiftyDropbox.framework; sourceTree = BUILT_PRODUCTS_DIR; };
		7637CBAB21249236004AC0C0 /* PhotoLibraryVM.swift */ = {isa = PBXFileReference; lastKnownFileType = sourcecode.swift; path = PhotoLibraryVM.swift; sourceTree = "<group>"; };
		7637CBAD212497F5004AC0C0 /* PhotosCollectionVC.swift */ = {isa = PBXFileReference; lastKnownFileType = sourcecode.swift; path = PhotosCollectionVC.swift; sourceTree = "<group>"; };
		7637CBB121249AAA004AC0C0 /* PhotoCell.swift */ = {isa = PBXFileReference; lastKnownFileType = sourcecode.swift; path = PhotoCell.swift; sourceTree = "<group>"; };
		766CBB6C21238DD500AE3B03 /* DropBoxer.app */ = {isa = PBXFileReference; explicitFileType = wrapper.application; includeInIndex = 0; path = DropBoxer.app; sourceTree = BUILT_PRODUCTS_DIR; };
		766CBB6F21238DD500AE3B03 /* AppDelegate.swift */ = {isa = PBXFileReference; lastKnownFileType = sourcecode.swift; path = AppDelegate.swift; sourceTree = "<group>"; };
		766CBB7421238DD500AE3B03 /* Base */ = {isa = PBXFileReference; lastKnownFileType = file.storyboard; name = Base; path = Base.lproj/Main.storyboard; sourceTree = "<group>"; };
		766CBB7621238DD600AE3B03 /* Assets.xcassets */ = {isa = PBXFileReference; lastKnownFileType = folder.assetcatalog; path = Assets.xcassets; sourceTree = "<group>"; };
		766CBB7921238DD600AE3B03 /* Base */ = {isa = PBXFileReference; lastKnownFileType = file.storyboard; name = Base; path = Base.lproj/LaunchScreen.storyboard; sourceTree = "<group>"; };
		766CBB7B21238DD600AE3B03 /* Info.plist */ = {isa = PBXFileReference; lastKnownFileType = text.plist.xml; path = Info.plist; sourceTree = "<group>"; };
		766CBB8021238DD600AE3B03 /* DropBoxerTests.xctest */ = {isa = PBXFileReference; explicitFileType = wrapper.cfbundle; includeInIndex = 0; path = DropBoxerTests.xctest; sourceTree = BUILT_PRODUCTS_DIR; };
		766CBB8421238DD600AE3B03 /* DropBoxerTests.swift */ = {isa = PBXFileReference; lastKnownFileType = sourcecode.swift; path = DropBoxerTests.swift; sourceTree = "<group>"; };
		766CBB8621238DD600AE3B03 /* Info.plist */ = {isa = PBXFileReference; lastKnownFileType = text.plist.xml; path = Info.plist; sourceTree = "<group>"; };
		76976DAB21251C0F00D2A904 /* UploadVC.swift */ = {isa = PBXFileReference; lastKnownFileType = sourcecode.swift; path = UploadVC.swift; sourceTree = "<group>"; };
		76ED37902123BC2A00432531 /* DropboxVM.swift */ = {isa = PBXFileReference; lastKnownFileType = sourcecode.swift; path = DropboxVM.swift; sourceTree = "<group>"; };
		76ED37922123BCF300432531 /* README.txt */ = {isa = PBXFileReference; lastKnownFileType = text; path = README.txt; sourceTree = "<group>"; };
		76ED37992123BEA900432531 /* SavedPhotosVC.swift */ = {isa = PBXFileReference; lastKnownFileType = sourcecode.swift; path = SavedPhotosVC.swift; sourceTree = "<group>"; };
		846BD9AE034E01BF7D869042 /* Pods-DropBoxer.release.xcconfig */ = {isa = PBXFileReference; includeInIndex = 1; lastKnownFileType = text.xcconfig; name = "Pods-DropBoxer.release.xcconfig"; path = "Pods/Target Support Files/Pods-DropBoxer/Pods-DropBoxer.release.xcconfig"; sourceTree = "<group>"; };
		9FC5FFCD27329C75A0E5DDAA /* Pods_DropBoxerTests.framework */ = {isa = PBXFileReference; explicitFileType = wrapper.framework; includeInIndex = 0; path = Pods_DropBoxerTests.framework; sourceTree = BUILT_PRODUCTS_DIR; };
		A9836073A2AE634F0328F2E2 /* Pods-DropBoxerTests.debug.xcconfig */ = {isa = PBXFileReference; includeInIndex = 1; lastKnownFileType = text.xcconfig; name = "Pods-DropBoxerTests.debug.xcconfig"; path = "Pods/Target Support Files/Pods-DropBoxerTests/Pods-DropBoxerTests.debug.xcconfig"; sourceTree = "<group>"; };
		C9E7067182EA4A2B55939B99 /* Pods-DropBoxerTests.release.xcconfig */ = {isa = PBXFileReference; includeInIndex = 1; lastKnownFileType = text.xcconfig; name = "Pods-DropBoxerTests.release.xcconfig"; path = "Pods/Target Support Files/Pods-DropBoxerTests/Pods-DropBoxerTests.release.xcconfig"; sourceTree = "<group>"; };
		F6607B660BF15BD08E3E3183 /* Pods_DropBoxer.framework */ = {isa = PBXFileReference; explicitFileType = wrapper.framework; includeInIndex = 0; path = Pods_DropBoxer.framework; sourceTree = BUILT_PRODUCTS_DIR; };
/* End PBXFileReference section */

/* Begin PBXFrameworksBuildPhase section */
		766CBB6921238DD500AE3B03 /* Frameworks */ = {
			isa = PBXFrameworksBuildPhase;
			buildActionMask = 2147483647;
			files = (
				761572B5212396BE00AC035B /* SwiftyDropbox.framework in Frameworks */,
				2529D17FCD84D6925AC8C5E1 /* Pods_DropBoxer.framework in Frameworks */,
			);
			runOnlyForDeploymentPostprocessing = 0;
		};
		766CBB7D21238DD600AE3B03 /* Frameworks */ = {
			isa = PBXFrameworksBuildPhase;
			buildActionMask = 2147483647;
			files = (
				DA1432DAEBA2F1469B905E9E /* Pods_DropBoxerTests.framework in Frameworks */,
			);
			runOnlyForDeploymentPostprocessing = 0;
		};
/* End PBXFrameworksBuildPhase section */

/* Begin PBXGroup section */
		2DB129A93CF46DA12C828C88 /* Pods */ = {
			isa = PBXGroup;
			children = (
				737EC14861A0B4F1A495040C /* Pods-DropBoxer.debug.xcconfig */,
				846BD9AE034E01BF7D869042 /* Pods-DropBoxer.release.xcconfig */,
				A9836073A2AE634F0328F2E2 /* Pods-DropBoxerTests.debug.xcconfig */,
				C9E7067182EA4A2B55939B99 /* Pods-DropBoxerTests.release.xcconfig */,
			);
			name = Pods;
			sourceTree = "<group>";
		};
		766CBB6321238DD500AE3B03 = {
			isa = PBXGroup;
			children = (
				766CBB6E21238DD500AE3B03 /* DropBoxer */,
				766CBB8321238DD600AE3B03 /* DropBoxerTests */,
				766CBB6D21238DD500AE3B03 /* Products */,
				2DB129A93CF46DA12C828C88 /* Pods */,
				77B4130C98E60FB121A7C662 /* Frameworks */,
			);
			sourceTree = "<group>";
		};
		766CBB6D21238DD500AE3B03 /* Products */ = {
			isa = PBXGroup;
			children = (
				766CBB6C21238DD500AE3B03 /* DropBoxer.app */,
				766CBB8021238DD600AE3B03 /* DropBoxerTests.xctest */,
			);
			name = Products;
			sourceTree = "<group>";
		};
		766CBB6E21238DD500AE3B03 /* DropBoxer */ = {
			isa = PBXGroup;
			children = (
				76ED378F2123BB6100432531 /* ViewModels */,
				76ED378E2123BB5A00432531 /* Views */,
				76ED378D2123BB4400432531 /* Model */,
				766CBB6F21238DD500AE3B03 /* AppDelegate.swift */,
				766CBB7321238DD500AE3B03 /* Main.storyboard */,
				766CBB7621238DD600AE3B03 /* Assets.xcassets */,
				766CBB7821238DD600AE3B03 /* LaunchScreen.storyboard */,
				766CBB7B21238DD600AE3B03 /* Info.plist */,
				76ED37922123BCF300432531 /* README.txt */,
			);
			path = DropBoxer;
			sourceTree = "<group>";
		};
		766CBB8321238DD600AE3B03 /* DropBoxerTests */ = {
			isa = PBXGroup;
			children = (
				766CBB8421238DD600AE3B03 /* DropBoxerTests.swift */,
				766CBB8621238DD600AE3B03 /* Info.plist */,
			);
			path = DropBoxerTests;
			sourceTree = "<group>";
		};
		76ED378D2123BB4400432531 /* Model */ = {
			isa = PBXGroup;
			children = (
			);
			name = Model;
			path = "New Group";
			sourceTree = "<group>";
		};
		76ED378E2123BB5A00432531 /* Views */ = {
			isa = PBXGroup;
			children = (
				76ED37992123BEA900432531 /* SavedPhotosVC.swift */,
				7637CBAD212497F5004AC0C0 /* PhotosCollectionVC.swift */,
				7637CBB121249AAA004AC0C0 /* PhotoCell.swift */,
				76976DAB21251C0F00D2A904 /* UploadVC.swift */,
			);
			path = Views;
			sourceTree = "<group>";
		};
		76ED378F2123BB6100432531 /* ViewModels */ = {
			isa = PBXGroup;
			children = (
				76ED37902123BC2A00432531 /* DropboxVM.swift */,
				7637CBAB21249236004AC0C0 /* PhotoLibraryVM.swift */,
			);
			path = ViewModels;
			sourceTree = "<group>";
		};
		77B4130C98E60FB121A7C662 /* Frameworks */ = {
			isa = PBXGroup;
			children = (
				761572B4212396BE00AC035B /* SwiftyDropbox.framework */,
				761572B22123955300AC035B /* SwiftyDropbox.framework */,
				F6607B660BF15BD08E3E3183 /* Pods_DropBoxer.framework */,
				9FC5FFCD27329C75A0E5DDAA /* Pods_DropBoxerTests.framework */,
			);
			name = Frameworks;
			sourceTree = "<group>";
		};
/* End PBXGroup section */

/* Begin PBXNativeTarget section */
		766CBB6B21238DD500AE3B03 /* DropBoxer */ = {
			isa = PBXNativeTarget;
			buildConfigurationList = 766CBB8921238DD700AE3B03 /* Build configuration list for PBXNativeTarget "DropBoxer" */;
			buildPhases = (
				56FD81DE4DECB0849A422939 /* [CP] Check Pods Manifest.lock */,
				766CBB6821238DD500AE3B03 /* Sources */,
				766CBB6921238DD500AE3B03 /* Frameworks */,
				766CBB6A21238DD500AE3B03 /* Resources */,
				286DBE35F7BE9A35EC9C2209 /* [CP] Embed Pods Frameworks */,
				761572B12123954100AC035B /* Embed Frameworks */,
			);
			buildRules = (
			);
			dependencies = (
			);
			name = DropBoxer;
			productName = DropBoxer;
			productReference = 766CBB6C21238DD500AE3B03 /* DropBoxer.app */;
			productType = "com.apple.product-type.application";
		};
		766CBB7F21238DD600AE3B03 /* DropBoxerTests */ = {
			isa = PBXNativeTarget;
			buildConfigurationList = 766CBB8C21238DD700AE3B03 /* Build configuration list for PBXNativeTarget "DropBoxerTests" */;
			buildPhases = (
				09DA8567CEF437FBA0DEA07B /* [CP] Check Pods Manifest.lock */,
				766CBB7C21238DD600AE3B03 /* Sources */,
				766CBB7D21238DD600AE3B03 /* Frameworks */,
				766CBB7E21238DD600AE3B03 /* Resources */,
			);
			buildRules = (
			);
			dependencies = (
				766CBB8221238DD600AE3B03 /* PBXTargetDependency */,
			);
			name = DropBoxerTests;
			productName = DropBoxerTests;
			productReference = 766CBB8021238DD600AE3B03 /* DropBoxerTests.xctest */;
			productType = "com.apple.product-type.bundle.unit-test";
		};
/* End PBXNativeTarget section */

/* Begin PBXProject section */
		766CBB6421238DD500AE3B03 /* Project object */ = {
			isa = PBXProject;
			attributes = {
				LastSwiftUpdateCheck = 0940;
				LastUpgradeCheck = 0940;
				ORGANIZATIONNAME = "Zack Falgout";
				TargetAttributes = {
					766CBB6B21238DD500AE3B03 = {
						CreatedOnToolsVersion = 9.4.1;
					};
					766CBB7F21238DD600AE3B03 = {
						CreatedOnToolsVersion = 9.4.1;
						TestTargetID = 766CBB6B21238DD500AE3B03;
					};
				};
			};
			buildConfigurationList = 766CBB6721238DD500AE3B03 /* Build configuration list for PBXProject "DropBoxer" */;
			compatibilityVersion = "Xcode 9.3";
			developmentRegion = en;
			hasScannedForEncodings = 0;
			knownRegions = (
				en,
				Base,
			);
			mainGroup = 766CBB6321238DD500AE3B03;
			productRefGroup = 766CBB6D21238DD500AE3B03 /* Products */;
			projectDirPath = "";
			projectRoot = "";
			targets = (
				766CBB6B21238DD500AE3B03 /* DropBoxer */,
				766CBB7F21238DD600AE3B03 /* DropBoxerTests */,
			);
		};
/* End PBXProject section */

/* Begin PBXResourcesBuildPhase section */
		766CBB6A21238DD500AE3B03 /* Resources */ = {
			isa = PBXResourcesBuildPhase;
			buildActionMask = 2147483647;
			files = (
				766CBB7A21238DD600AE3B03 /* LaunchScreen.storyboard in Resources */,
				766CBB7721238DD600AE3B03 /* Assets.xcassets in Resources */,
				76ED37932123BCF300432531 /* README.txt in Resources */,
				766CBB7521238DD500AE3B03 /* Main.storyboard in Resources */,
			);
			runOnlyForDeploymentPostprocessing = 0;
		};
		766CBB7E21238DD600AE3B03 /* Resources */ = {
			isa = PBXResourcesBuildPhase;
			buildActionMask = 2147483647;
			files = (
			);
			runOnlyForDeploymentPostprocessing = 0;
		};
/* End PBXResourcesBuildPhase section */

/* Begin PBXShellScriptBuildPhase section */
		09DA8567CEF437FBA0DEA07B /* [CP] Check Pods Manifest.lock */ = {
			isa = PBXShellScriptBuildPhase;
			buildActionMask = 2147483647;
			files = (
			);
			inputPaths = (
				"${PODS_PODFILE_DIR_PATH}/Podfile.lock",
				"${PODS_ROOT}/Manifest.lock",
			);
			name = "[CP] Check Pods Manifest.lock";
			outputPaths = (
				"$(DERIVED_FILE_DIR)/Pods-DropBoxerTests-checkManifestLockResult.txt",
			);
			runOnlyForDeploymentPostprocessing = 0;
			shellPath = /bin/sh;
			shellScript = "diff \"${PODS_PODFILE_DIR_PATH}/Podfile.lock\" \"${PODS_ROOT}/Manifest.lock\" > /dev/null\nif [ $? != 0 ] ; then\n    # print error to STDERR\n    echo \"error: The sandbox is not in sync with the Podfile.lock. Run 'pod install' or update your CocoaPods installation.\" >&2\n    exit 1\nfi\n# This output is used by Xcode 'outputs' to avoid re-running this script phase.\necho \"SUCCESS\" > \"${SCRIPT_OUTPUT_FILE_0}\"\n";
			showEnvVarsInLog = 0;
		};
		286DBE35F7BE9A35EC9C2209 /* [CP] Embed Pods Frameworks */ = {
			isa = PBXShellScriptBuildPhase;
			buildActionMask = 2147483647;
			files = (
			);
			inputPaths = (
				"${SRCROOT}/Pods/Target Support Files/Pods-DropBoxer/Pods-DropBoxer-frameworks.sh",
				"${BUILT_PRODUCTS_DIR}/Alamofire/Alamofire.framework",
				"${BUILT_PRODUCTS_DIR}/SwiftyDropbox/SwiftyDropbox.framework",
			);
			name = "[CP] Embed Pods Frameworks";
			outputPaths = (
				"${TARGET_BUILD_DIR}/${FRAMEWORKS_FOLDER_PATH}/Alamofire.framework",
				"${TARGET_BUILD_DIR}/${FRAMEWORKS_FOLDER_PATH}/SwiftyDropbox.framework",
			);
			runOnlyForDeploymentPostprocessing = 0;
			shellPath = /bin/sh;
			shellScript = "\"${SRCROOT}/Pods/Target Support Files/Pods-DropBoxer/Pods-DropBoxer-frameworks.sh\"\n";
			showEnvVarsInLog = 0;
		};
		56FD81DE4DECB0849A422939 /* [CP] Check Pods Manifest.lock */ = {
			isa = PBXShellScriptBuildPhase;
			buildActionMask = 2147483647;
			files = (
			);
			inputPaths = (
				"${PODS_PODFILE_DIR_PATH}/Podfile.lock",
				"${PODS_ROOT}/Manifest.lock",
			);
			name = "[CP] Check Pods Manifest.lock";
			outputPaths = (
				"$(DERIVED_FILE_DIR)/Pods-DropBoxer-checkManifestLockResult.txt",
			);
			runOnlyForDeploymentPostprocessing = 0;
			shellPath = /bin/sh;
			shellScript = "diff \"${PODS_PODFILE_DIR_PATH}/Podfile.lock\" \"${PODS_ROOT}/Manifest.lock\" > /dev/null\nif [ $? != 0 ] ; then\n    # print error to STDERR\n    echo \"error: The sandbox is not in sync with the Podfile.lock. Run 'pod install' or update your CocoaPods installation.\" >&2\n    exit 1\nfi\n# This output is used by Xcode 'outputs' to avoid re-running this script phase.\necho \"SUCCESS\" > \"${SCRIPT_OUTPUT_FILE_0}\"\n";
			showEnvVarsInLog = 0;
		};
/* End PBXShellScriptBuildPhase section */

/* Begin PBXSourcesBuildPhase section */
		766CBB6821238DD500AE3B03 /* Sources */ = {
			isa = PBXSourcesBuildPhase;
			buildActionMask = 2147483647;
			files = (
				7637CBAE212497F5004AC0C0 /* PhotosCollectionVC.swift in Sources */,
				76ED379A2123BEA900432531 /* SavedPhotosVC.swift in Sources */,
				7637CBAC21249236004AC0C0 /* PhotoLibraryVM.swift in Sources */,
				76ED37912123BC2A00432531 /* DropboxVM.swift in Sources */,
				7637CBB221249AAA004AC0C0 /* PhotoCell.swift in Sources */,
				766CBB7021238DD500AE3B03 /* AppDelegate.swift in Sources */,
				76976DAC21251C0F00D2A904 /* UploadVC.swift in Sources */,
			);
			runOnlyForDeploymentPostprocessing = 0;
		};
		766CBB7C21238DD600AE3B03 /* Sources */ = {
			isa = PBXSourcesBuildPhase;
			buildActionMask = 2147483647;
			files = (
				766CBB8521238DD600AE3B03 /* DropBoxerTests.swift in Sources */,
			);
			runOnlyForDeploymentPostprocessing = 0;
		};
/* End PBXSourcesBuildPhase section */

/* Begin PBXTargetDependency section */
		766CBB8221238DD600AE3B03 /* PBXTargetDependency */ = {
			isa = PBXTargetDependency;
			target = 766CBB6B21238DD500AE3B03 /* DropBoxer */;
			targetProxy = 766CBB8121238DD600AE3B03 /* PBXContainerItemProxy */;
		};
/* End PBXTargetDependency section */

/* Begin PBXVariantGroup section */
		766CBB7321238DD500AE3B03 /* Main.storyboard */ = {
			isa = PBXVariantGroup;
			children = (
				766CBB7421238DD500AE3B03 /* Base */,
			);
			name = Main.storyboard;
			sourceTree = "<group>";
		};
		766CBB7821238DD600AE3B03 /* LaunchScreen.storyboard */ = {
			isa = PBXVariantGroup;
			children = (
				766CBB7921238DD600AE3B03 /* Base */,
			);
			name = LaunchScreen.storyboard;
			sourceTree = "<group>";
		};
/* End PBXVariantGroup section */

/* Begin XCBuildConfiguration section */
		766CBB8721238DD700AE3B03 /* Debug */ = {
			isa = XCBuildConfiguration;
			buildSettings = {
				ALWAYS_SEARCH_USER_PATHS = NO;
				CLANG_ANALYZER_NONNULL = YES;
				CLANG_ANALYZER_NUMBER_OBJECT_CONVERSION = YES_AGGRESSIVE;
				CLANG_CXX_LANGUAGE_STANDARD = "gnu++14";
				CLANG_CXX_LIBRARY = "libc++";
				CLANG_ENABLE_MODULES = YES;
				CLANG_ENABLE_OBJC_ARC = YES;
				CLANG_ENABLE_OBJC_WEAK = YES;
				CLANG_WARN_BLOCK_CAPTURE_AUTORELEASING = YES;
				CLANG_WARN_BOOL_CONVERSION = YES;
				CLANG_WARN_COMMA = YES;
				CLANG_WARN_CONSTANT_CONVERSION = YES;
				CLANG_WARN_DEPRECATED_OBJC_IMPLEMENTATIONS = YES;
				CLANG_WARN_DIRECT_OBJC_ISA_USAGE = YES_ERROR;
				CLANG_WARN_DOCUMENTATION_COMMENTS = YES;
				CLANG_WARN_EMPTY_BODY = YES;
				CLANG_WARN_ENUM_CONVERSION = YES;
				CLANG_WARN_INFINITE_RECURSION = YES;
				CLANG_WARN_INT_CONVERSION = YES;
				CLANG_WARN_NON_LITERAL_NULL_CONVERSION = YES;
				CLANG_WARN_OBJC_IMPLICIT_RETAIN_SELF = YES;
				CLANG_WARN_OBJC_LITERAL_CONVERSION = YES;
				CLANG_WARN_OBJC_ROOT_CLASS = YES_ERROR;
				CLANG_WARN_RANGE_LOOP_ANALYSIS = YES;
				CLANG_WARN_STRICT_PROTOTYPES = YES;
				CLANG_WARN_SUSPICIOUS_MOVE = YES;
				CLANG_WARN_UNGUARDED_AVAILABILITY = YES_AGGRESSIVE;
				CLANG_WARN_UNREACHABLE_CODE = YES;
				CLANG_WARN__DUPLICATE_METHOD_MATCH = YES;
				CODE_SIGN_IDENTITY = "iPhone Developer";
				COPY_PHASE_STRIP = NO;
				DEBUG_INFORMATION_FORMAT = dwarf;
				ENABLE_STRICT_OBJC_MSGSEND = YES;
				ENABLE_TESTABILITY = YES;
				GCC_C_LANGUAGE_STANDARD = gnu11;
				GCC_DYNAMIC_NO_PIC = NO;
				GCC_NO_COMMON_BLOCKS = YES;
				GCC_OPTIMIZATION_LEVEL = 0;
				GCC_PREPROCESSOR_DEFINITIONS = (
					"DEBUG=1",
					"$(inherited)",
				);
				GCC_WARN_64_TO_32_BIT_CONVERSION = YES;
				GCC_WARN_ABOUT_RETURN_TYPE = YES_ERROR;
				GCC_WARN_UNDECLARED_SELECTOR = YES;
				GCC_WARN_UNINITIALIZED_AUTOS = YES_AGGRESSIVE;
				GCC_WARN_UNUSED_FUNCTION = YES;
				GCC_WARN_UNUSED_VARIABLE = YES;
				IPHONEOS_DEPLOYMENT_TARGET = 11.4;
				MTL_ENABLE_DEBUG_INFO = YES;
				ONLY_ACTIVE_ARCH = YES;
				SDKROOT = iphoneos;
				SWIFT_ACTIVE_COMPILATION_CONDITIONS = DEBUG;
				SWIFT_OPTIMIZATION_LEVEL = "-Onone";
			};
			name = Debug;
		};
		766CBB8821238DD700AE3B03 /* Release */ = {
			isa = XCBuildConfiguration;
			buildSettings = {
				ALWAYS_SEARCH_USER_PATHS = NO;
				CLANG_ANALYZER_NONNULL = YES;
				CLANG_ANALYZER_NUMBER_OBJECT_CONVERSION = YES_AGGRESSIVE;
				CLANG_CXX_LANGUAGE_STANDARD = "gnu++14";
				CLANG_CXX_LIBRARY = "libc++";
				CLANG_ENABLE_MODULES = YES;
				CLANG_ENABLE_OBJC_ARC = YES;
				CLANG_ENABLE_OBJC_WEAK = YES;
				CLANG_WARN_BLOCK_CAPTURE_AUTORELEASING = YES;
				CLANG_WARN_BOOL_CONVERSION = YES;
				CLANG_WARN_COMMA = YES;
				CLANG_WARN_CONSTANT_CONVERSION = YES;
				CLANG_WARN_DEPRECATED_OBJC_IMPLEMENTATIONS = YES;
				CLANG_WARN_DIRECT_OBJC_ISA_USAGE = YES_ERROR;
				CLANG_WARN_DOCUMENTATION_COMMENTS = YES;
				CLANG_WARN_EMPTY_BODY = YES;
				CLANG_WARN_ENUM_CONVERSION = YES;
				CLANG_WARN_INFINITE_RECURSION = YES;
				CLANG_WARN_INT_CONVERSION = YES;
				CLANG_WARN_NON_LITERAL_NULL_CONVERSION = YES;
				CLANG_WARN_OBJC_IMPLICIT_RETAIN_SELF = YES;
				CLANG_WARN_OBJC_LITERAL_CONVERSION = YES;
				CLANG_WARN_OBJC_ROOT_CLASS = YES_ERROR;
				CLANG_WARN_RANGE_LOOP_ANALYSIS = YES;
				CLANG_WARN_STRICT_PROTOTYPES = YES;
				CLANG_WARN_SUSPICIOUS_MOVE = YES;
				CLANG_WARN_UNGUARDED_AVAILABILITY = YES_AGGRESSIVE;
				CLANG_WARN_UNREACHABLE_CODE = YES;
				CLANG_WARN__DUPLICATE_METHOD_MATCH = YES;
				CODE_SIGN_IDENTITY = "iPhone Developer";
				COPY_PHASE_STRIP = NO;
				DEBUG_INFORMATION_FORMAT = "dwarf-with-dsym";
				ENABLE_NS_ASSERTIONS = NO;
				ENABLE_STRICT_OBJC_MSGSEND = YES;
				GCC_C_LANGUAGE_STANDARD = gnu11;
				GCC_NO_COMMON_BLOCKS = YES;
				GCC_WARN_64_TO_32_BIT_CONVERSION = YES;
				GCC_WARN_ABOUT_RETURN_TYPE = YES_ERROR;
				GCC_WARN_UNDECLARED_SELECTOR = YES;
				GCC_WARN_UNINITIALIZED_AUTOS = YES_AGGRESSIVE;
				GCC_WARN_UNUSED_FUNCTION = YES;
				GCC_WARN_UNUSED_VARIABLE = YES;
				IPHONEOS_DEPLOYMENT_TARGET = 11.4;
				MTL_ENABLE_DEBUG_INFO = NO;
				SDKROOT = iphoneos;
				SWIFT_COMPILATION_MODE = wholemodule;
				SWIFT_OPTIMIZATION_LEVEL = "-O";
				VALIDATE_PRODUCT = YES;
			};
			name = Release;
		};
		766CBB8A21238DD700AE3B03 /* Debug */ = {
			isa = XCBuildConfiguration;
			baseConfigurationReference = 737EC14861A0B4F1A495040C /* Pods-DropBoxer.debug.xcconfig */;
			buildSettings = {
				ASSETCATALOG_COMPILER_APPICON_NAME = AppIcon;
				CODE_SIGN_STYLE = Automatic;
				DEVELOPMENT_TEAM = 7J8EZLC25K;
				INFOPLIST_FILE = DropBoxer/Info.plist;
				LD_RUNPATH_SEARCH_PATHS = (
					"$(inherited)",
					"@executable_path/Frameworks",
				);
				PRODUCT_BUNDLE_IDENTIFIER = com.Zfalgout.DropBoxer;
				PRODUCT_NAME = "$(TARGET_NAME)";
				SWIFT_VERSION = 4.0;
				TARGETED_DEVICE_FAMILY = "1,2";
			};
			name = Debug;
		};
		766CBB8B21238DD700AE3B03 /* Release */ = {
			isa = XCBuildConfiguration;
			baseConfigurationReference = 846BD9AE034E01BF7D869042 /* Pods-DropBoxer.release.xcconfig */;
			buildSettings = {
				ASSETCATALOG_COMPILER_APPICON_NAME = AppIcon;
				CODE_SIGN_STYLE = Automatic;
				DEVELOPMENT_TEAM = 7J8EZLC25K;
				INFOPLIST_FILE = DropBoxer/Info.plist;
				LD_RUNPATH_SEARCH_PATHS = (
					"$(inherited)",
					"@executable_path/Frameworks",
				);
				PRODUCT_BUNDLE_IDENTIFIER = com.Zfalgout.DropBoxer;
				PRODUCT_NAME = "$(TARGET_NAME)";
				SWIFT_VERSION = 4.0;
				TARGETED_DEVICE_FAMILY = "1,2";
			};
			name = Release;
		};
		766CBB8D21238DD700AE3B03 /* Debug */ = {
			isa = XCBuildConfiguration;
			baseConfigurationReference = A9836073A2AE634F0328F2E2 /* Pods-DropBoxerTests.debug.xcconfig */;
			buildSettings = {
				ALWAYS_EMBED_SWIFT_STANDARD_LIBRARIES = YES;
				BUNDLE_LOADER = "$(TEST_HOST)";
				CODE_SIGN_STYLE = Automatic;
				DEVELOPMENT_TEAM = 7J8EZLC25K;
				INFOPLIST_FILE = DropBoxerTests/Info.plist;
				LD_RUNPATH_SEARCH_PATHS = (
					"$(inherited)",
					"@executable_path/Frameworks",
					"@loader_path/Frameworks",
				);
				PRODUCT_BUNDLE_IDENTIFIER = com.Zfalgout.DropBoxerTests;
				PRODUCT_NAME = "$(TARGET_NAME)";
				SWIFT_VERSION = 4.0;
				TARGETED_DEVICE_FAMILY = "1,2";
				TEST_HOST = "$(BUILT_PRODUCTS_DIR)/DropBoxer.app/DropBoxer";
			};
			name = Debug;
		};
		766CBB8E21238DD700AE3B03 /* Release */ = {
			isa = XCBuildConfiguration;
			baseConfigurationReference = C9E7067182EA4A2B55939B99 /* Pods-DropBoxerTests.release.xcconfig */;
			buildSettings = {
				ALWAYS_EMBED_SWIFT_STANDARD_LIBRARIES = YES;
				BUNDLE_LOADER = "$(TEST_HOST)";
				CODE_SIGN_STYLE = Automatic;
				DEVELOPMENT_TEAM = 7J8EZLC25K;
				INFOPLIST_FILE = DropBoxerTests/Info.plist;
				LD_RUNPATH_SEARCH_PATHS = (
					"$(inherited)",
					"@executable_path/Frameworks",
					"@loader_path/Frameworks",
				);
				PRODUCT_BUNDLE_IDENTIFIER = com.Zfalgout.DropBoxerTests;
				PRODUCT_NAME = "$(TARGET_NAME)";
				SWIFT_VERSION = 4.0;
				TARGETED_DEVICE_FAMILY = "1,2";
				TEST_HOST = "$(BUILT_PRODUCTS_DIR)/DropBoxer.app/DropBoxer";
			};
			name = Release;
		};
/* End XCBuildConfiguration section */

/* Begin XCConfigurationList section */
		766CBB6721238DD500AE3B03 /* Build configuration list for PBXProject "DropBoxer" */ = {
			isa = XCConfigurationList;
			buildConfigurations = (
				766CBB8721238DD700AE3B03 /* Debug */,
				766CBB8821238DD700AE3B03 /* Release */,
			);
			defaultConfigurationIsVisible = 0;
			defaultConfigurationName = Release;
		};
		766CBB8921238DD700AE3B03 /* Build configuration list for PBXNativeTarget "DropBoxer" */ = {
			isa = XCConfigurationList;
			buildConfigurations = (
				766CBB8A21238DD700AE3B03 /* Debug */,
				766CBB8B21238DD700AE3B03 /* Release */,
			);
			defaultConfigurationIsVisible = 0;
			defaultConfigurationName = Release;
		};
		766CBB8C21238DD700AE3B03 /* Build configuration list for PBXNativeTarget "DropBoxerTests" */ = {
			isa = XCConfigurationList;
			buildConfigurations = (
				766CBB8D21238DD700AE3B03 /* Debug */,
				766CBB8E21238DD700AE3B03 /* Release */,
			);
			defaultConfigurationIsVisible = 0;
			defaultConfigurationName = Release;
		};
/* End XCConfigurationList section */
	};
	rootObject = 766CBB6421238DD500AE3B03 /* Project object */;
}
